<?xml version="1.0" encoding="utf-8"?>
<Project ToolsVersion="4.0" xmlns="http://schemas.microsoft.com/developer/msbuild/2003">
  <ItemGroup>
    <ClCompile Include="Source\Main.cpp" />
    <ClCompile Include="Source\Application.cpp">
      <Filter>Core\Application</Filter>
    </ClCompile>
    <ClCompile Include="Source\Camera.cpp">
      <Filter>Core\Components</Filter>
    </ClCompile>
    <ClCompile Include="Source\FBO.cpp">
      <Filter>Core\Components</Filter>
    </ClCompile>
    <ClCompile Include="Source\CameraControllerSystem.cpp">
      <Filter>Auxillary\Systems\CameraControllerSystem</Filter>
    </ClCompile>
    <ClCompile Include="Source\CameraSystem.cpp">
      <Filter>Core\Systems\CameraSystem</Filter>
    </ClCompile>
    <ClCompile Include="Source\CanvasImageSystem.cpp">
      <Filter>Auxillary\Systems\CanvasImageSystem</Filter>
    </ClCompile>
    <ClCompile Include="Source\CanvasImageUpdateSystem.cpp">
      <Filter>Auxillary\Systems\CanvasImageUpdateSystem</Filter>
    </ClCompile>
    <ClCompile Include="Source\CanvasTextSystem.cpp">
      <Filter>Auxillary\Systems\CanvasTextSystem</Filter>
    </ClCompile>
    <ClCompile Include="Source\ColliderSystem.cpp">
      <Filter>Auxillary\Systems\ColliderSystem</Filter>
    </ClCompile>
    <ClCompile Include="Source\EntityStateSystem.cpp">
      <Filter>Core\Systems\EntityStateSystem</Filter>
    </ClCompile>
    <ClCompile Include="Source\GridControllerSystem.cpp">
      <Filter>Auxillary\Systems\GridControllerSystem</Filter>
    </ClCompile>
    <ClCompile Include="..\Dependencies\ImGui\imgui.cpp">
      <Filter>Core\Modules\IMGUI</Filter>
    </ClCompile>
    <ClCompile Include="..\Dependencies\ImGui\imgui_demo.cpp">
      <Filter>Core\Modules\IMGUI</Filter>
    </ClCompile>
    <ClCompile Include="..\Dependencies\ImGui\imgui_draw.cpp">
      <Filter>Core\Modules\IMGUI</Filter>
    </ClCompile>
    <ClCompile Include="..\Dependencies\ImGui\imgui_impl_glfw.cpp">
      <Filter>Core\Modules\IMGUI</Filter>
    </ClCompile>
    <ClCompile Include="..\Dependencies\ImGui\imgui_impl_opengl3.cpp">
      <Filter>Core\Modules\IMGUI</Filter>
    </ClCompile>
    <ClCompile Include="..\Dependencies\ImGui\imgui_widgets.cpp">
      <Filter>Core\Modules\IMGUI</Filter>
    </ClCompile>
    <ClCompile Include="Source\LightingManager.cpp">
      <Filter>Core\Modules\LightingManager</Filter>
    </ClCompile>
    <ClCompile Include="Source\LoadHmap.cpp">
      <Filter>Core\Modules\MeshManager\Load</Filter>
    </ClCompile>
    <ClCompile Include="Source\LoadOBJ.cpp">
      <Filter>Core\Modules\MeshManager\Load</Filter>
    </ClCompile>
    <ClCompile Include="Source\LoadTexture.cpp">
      <Filter>Core\Modules\MeshManager\Load</Filter>
    </ClCompile>
    <ClCompile Include="Source\LoadTGA.cpp">
      <Filter>Core\Modules\MeshManager\Load</Filter>
    </ClCompile>
    <ClCompile Include="Source\MeshManager.cpp">
      <Filter>Core\Modules\MeshManager</Filter>
    </ClCompile>
    <ClCompile Include="Source\MeshBuilder.cpp">
      <Filter>Core\Modules\MeshManager\MeshBuilder</Filter>
    </ClCompile>
    <ClCompile Include="Source\Mesh.cpp">
      <Filter>Core\Modules\MeshManager\Mesh</Filter>
    </ClCompile>
    <ClCompile Include="Source\Renderer.cpp">
      <Filter>Core\Modules\Renderer</Filter>
    </ClCompile>
    <ClCompile Include="Source\RayCastingSystem.cpp">
      <Filter>Auxillary\Systems\RayCastingSystem</Filter>
    </ClCompile>
    <ClCompile Include="Source\RenderSystem.cpp">
      <Filter>Core\Systems\RenderSystem</Filter>
    </ClCompile>
    <ClCompile Include="Source\SceneManager.cpp">
      <Filter>Core\Modules\SceneManager</Filter>
    </ClCompile>
    <ClCompile Include="Source\SceneTest.cpp">
      <Filter>Scenes</Filter>
    </ClCompile>
    <ClCompile Include="Source\ScreenQuad.cpp">
      <Filter>Meshes\ScreenQuad</Filter>
    </ClCompile>
    <ClCompile Include="Source\SpriteAnimation.cpp">
      <Filter>Meshes\SpriteAnimation</Filter>
    </ClCompile>
    <ClCompile Include="Source\TerrainSystem.cpp">
      <Filter>Auxillary\Systems\TerrainDataSystem</Filter>
    </ClCompile>
    <ClCompile Include="Source\Timer.cpp">
      <Filter>Core\Application</Filter>
    </ClCompile>
    <ClCompile Include="Source\TransformSystem.cpp">
      <Filter>Core\Systems\TransformSystem</Filter>
    </ClCompile>
    <ClCompile Include="Source\UnitSystem.cpp">
      <Filter>Auxillary\Systems\UnitSystem</Filter>
    </ClCompile>
    <ClCompile Include="Source\ParticleSystem.cpp">
      <Filter>Auxillary\Systems\ParticleSystem</Filter>
    </ClCompile>
    <ClCompile Include="Source\GUITextSystem.cpp">
      <Filter>Auxillary\Systems\GUITextSystem</Filter>
    </ClCompile>
  </ItemGroup>
  <ItemGroup>
    <ClInclude Include="Source\Application.h">
      <Filter>Core\Application</Filter>
    </ClInclude>
    <ClInclude Include="Source\Camera.h">
      <Filter>Core\Components</Filter>
    </ClInclude>
    <ClInclude Include="Source\FBO.h">
      <Filter>Core\Components</Filter>
    </ClInclude>
    <ClInclude Include="Source\CameraControllerSystem.h">
      <Filter>Auxillary\Systems\CameraControllerSystem</Filter>
    </ClInclude>
    <ClInclude Include="Source\CameraSystem.h">
      <Filter>Core\Systems\CameraSystem</Filter>
    </ClInclude>
    <ClInclude Include="Source\CanvasImageSystem.h">
      <Filter>Auxillary\Systems\CanvasImageSystem</Filter>
    </ClInclude>
    <ClInclude Include="Source\CanvasImage.h">
      <Filter>Auxillary\Components</Filter>
    </ClInclude>
    <ClInclude Include="Source\CanvasImageUpdate.h">
      <Filter>Auxillary\Components</Filter>
    </ClInclude>
    <ClInclude Include="Source\CanvasImageUpdateSystem.h">
      <Filter>Auxillary\Systems\CanvasImageUpdateSystem</Filter>
    </ClInclude>
    <ClInclude Include="Source\CameraController.h">
      <Filter>Auxillary\Components</Filter>
    </ClInclude>
    <ClInclude Include="Source\CanvasText.h">
      <Filter>Auxillary\Components</Filter>
    </ClInclude>
    <ClInclude Include="Source\CanvasTextSystem.h">
      <Filter>Auxillary\Systems\CanvasTextSystem</Filter>
    </ClInclude>
    <ClInclude Include="Source\ColliderSystem.h">
      <Filter>Auxillary\Systems\ColliderSystem</Filter>
    </ClInclude>
    <ClInclude Include="Source\Collider.h">
      <Filter>Auxillary\Components</Filter>
    </ClInclude>
    <ClInclude Include="Source\Component.h">
      <Filter>Core\Modules\ECS</Filter>
    </ClInclude>
    <ClInclude Include="Source\ComponentArray.h">
      <Filter>Core\Modules\ECS</Filter>
    </ClInclude>
    <ClInclude Include="Source\ComponentManager.h">
      <Filter>Core\Modules\ECS</Filter>
    </ClInclude>
    <ClInclude Include="Source\Coordinator.h">
      <Filter>Core\Modules\ECS</Filter>
    </ClInclude>
    <ClInclude Include="Source\Entity.h">
      <Filter>Core\Modules\ECS</Filter>
    </ClInclude>
    <ClInclude Include="Source\EntityManager.h">
      <Filter>Core\Modules\ECS</Filter>
    </ClInclude>
    <ClInclude Include="Source\EntityState.h">
      <Filter>Core\Components</Filter>
    </ClInclude>
    <ClInclude Include="Source\EntityStateSystem.h">
      <Filter>Core\Systems\EntityStateSystem</Filter>
    </ClInclude>
    <ClInclude Include="Source\GridControllerSystem.h">
      <Filter>Auxillary\Systems\GridControllerSystem</Filter>
    </ClInclude>
    <ClInclude Include="..\Dependencies\ImGui\imconfig.h">
      <Filter>Core\Modules\IMGUI</Filter>
    </ClInclude>
    <ClInclude Include="..\Dependencies\ImGui\imgui.h">
      <Filter>Core\Modules\IMGUI</Filter>
    </ClInclude>
    <ClInclude Include="..\Dependencies\ImGui\imgui_impl_glfw.h">
      <Filter>Core\Modules\IMGUI</Filter>
    </ClInclude>
    <ClInclude Include="..\Dependencies\ImGui\imgui_impl_opengl3.h">
      <Filter>Core\Modules\IMGUI</Filter>
    </ClInclude>
    <ClInclude Include="..\Dependencies\ImGui\imgui_internal.h">
      <Filter>Core\Modules\IMGUI</Filter>
    </ClInclude>
    <ClInclude Include="..\Dependencies\ImGui\imstb_rectpack.h">
      <Filter>Core\Modules\IMGUI</Filter>
    </ClInclude>
    <ClInclude Include="..\Dependencies\ImGui\imstb_textedit.h">
      <Filter>Core\Modules\IMGUI</Filter>
    </ClInclude>
    <ClInclude Include="..\Dependencies\ImGui\imstb_truetype.h">
      <Filter>Core\Modules\IMGUI</Filter>
    </ClInclude>
    <ClInclude Include="Source\LightingManager.h">
      <Filter>Core\Modules\LightingManager</Filter>
    </ClInclude>
    <ClInclude Include="Source\Light.h">
      <Filter>Core\Modules\LightingManager</Filter>
    </ClInclude>
    <ClInclude Include="Source\LoadHmap.h">
      <Filter>Core\Modules\MeshManager\Load</Filter>
    </ClInclude>
    <ClInclude Include="Source\LoadOBJ.h">
      <Filter>Core\Modules\MeshManager\Load</Filter>
    </ClInclude>
    <ClInclude Include="Source\LoadTexture.h">
      <Filter>Core\Modules\MeshManager\Load</Filter>
    </ClInclude>
    <ClInclude Include="Source\LoadTGA.h">
      <Filter>Core\Modules\MeshManager\Load</Filter>
    </ClInclude>
    <ClInclude Include="Source\MeshManager.h">
      <Filter>Core\Modules\MeshManager</Filter>
    </ClInclude>
    <ClInclude Include="Source\MeshBuilder.h">
      <Filter>Core\Modules\MeshManager\MeshBuilder</Filter>
    </ClInclude>
    <ClInclude Include="Source\Mesh.h">
      <Filter>Core\Modules\MeshManager\Mesh</Filter>
    </ClInclude>
    <ClInclude Include="Source\Renderer.h">
      <Filter>Core\Modules\Renderer</Filter>
    </ClInclude>
    <ClInclude Include="Source\RayCasting.h">
      <Filter>Auxillary\Components</Filter>
    </ClInclude>
    <ClInclude Include="Source\RayCastingSystem.h">
      <Filter>Auxillary\Systems\RayCastingSystem</Filter>
    </ClInclude>
    <ClInclude Include="Source\Material.h">
      <Filter>Core\Modules</Filter>
    </ClInclude>
    <ClInclude Include="Source\Shader.h">
      <Filter>Core\Modules</Filter>
    </ClInclude>
    <ClInclude Include="Source\RenderData.h">
      <Filter>Core\Components</Filter>
    </ClInclude>
    <ClInclude Include="Source\RenderSystem.h">
      <Filter>Core\Systems\RenderSystem</Filter>
    </ClInclude>
    <ClInclude Include="Source\SceneManager.h">
      <Filter>Core\Modules\SceneManager</Filter>
    </ClInclude>
    <ClInclude Include="Source\SceneTest.h">
      <Filter>Scenes</Filter>
    </ClInclude>
    <ClInclude Include="Source\Scene.h">
      <Filter>Core\Modules</Filter>
    </ClInclude>
    <ClInclude Include="Source\ScreenQuad.h">
      <Filter>Meshes\ScreenQuad</Filter>
    </ClInclude>
    <ClInclude Include="Source\ScreenQuadShader.h">
      <Filter>Shaders</Filter>
    </ClInclude>
    <ClInclude Include="Source\Signature.h">
      <Filter>Core\Modules\ECS</Filter>
    </ClInclude>
    <ClInclude Include="Source\SpriteAnimation.h">
      <Filter>Meshes\SpriteAnimation</Filter>
    </ClInclude>
    <ClInclude Include="Source\System.h">
      <Filter>Core\Modules\ECS</Filter>
    </ClInclude>
    <ClInclude Include="Source\SystemManager.h">
      <Filter>Core\Modules\ECS</Filter>
    </ClInclude>
    <ClInclude Include="Source\TerrainData.h">
      <Filter>Auxillary\Components</Filter>
    </ClInclude>
    <ClInclude Include="Source\TerrainSystem.h">
      <Filter>Auxillary\Systems\TerrainDataSystem</Filter>
    </ClInclude>
    <ClInclude Include="Source\TextShader.h">
      <Filter>Shaders</Filter>
    </ClInclude>
    <ClInclude Include="Source\Tag.h">
      <Filter>Core\Components</Filter>
    </ClInclude>
    <ClInclude Include="Source\Timer.h">
      <Filter>Core\Application</Filter>
    </ClInclude>
    <ClInclude Include="Source\Transform.h">
      <Filter>Core\Components</Filter>
    </ClInclude>
    <ClInclude Include="Source\TransformSystem.h">
      <Filter>Core\Systems\TransformSystem</Filter>
    </ClInclude>
    <ClInclude Include="Source\UIShader.h">
      <Filter>Shaders</Filter>
    </ClInclude>
    <ClInclude Include="Source\Unit.h">
      <Filter>Auxillary\Components</Filter>
    </ClInclude>
    <ClInclude Include="Source\UnitSystem.h">
      <Filter>Auxillary\Systems\UnitSystem</Filter>
    </ClInclude>
    <ClInclude Include="Source\Unit_Data.h">
      <Filter>Auxillary\Components</Filter>
    </ClInclude>
    <ClInclude Include="Source\Vertex.h">
      <Filter>Core\Modules\MeshManager\Mesh</Filter>
    </ClInclude>
    <ClInclude Include="Source\Particle.h">
      <Filter>Auxillary\Components</Filter>
    </ClInclude>
    <ClInclude Include="Source\ParticleSystem.h">
      <Filter>Auxillary\Systems\ParticleSystem</Filter>
    </ClInclude>
    <ClInclude Include="Source\GUITextSystem.h">
      <Filter>Auxillary\Systems\GUITextSystem</Filter>
    </ClInclude>
    <ClInclude Include="Source\GUIText.h">
      <Filter>Auxillary\Components</Filter>
    </ClInclude>
    <ClInclude Include="Source\ParticleSystemParameters.h">
      <Filter>Auxillary\Components</Filter>
    </ClInclude>
  </ItemGroup>
  <ItemGroup>
    <Filter Include="Core">
      <UniqueIdentifier>{77d123e2-1668-49a3-9dbd-96eb01d04c17}</UniqueIdentifier>
    </Filter>
    <Filter Include="Auxillary">
      <UniqueIdentifier>{f32a4812-ef39-4a90-ae10-3cd6368456e5}</UniqueIdentifier>
    </Filter>
    <Filter Include="Auxillary\Components">
      <UniqueIdentifier>{fa591e9f-fdea-4846-9595-25b47330de34}</UniqueIdentifier>
    </Filter>
    <Filter Include="Auxillary\Systems">
      <UniqueIdentifier>{c168034d-9cfe-4c2d-8a9a-c6af3532af0c}</UniqueIdentifier>
    </Filter>
    <Filter Include="Auxillary\Modules">
      <UniqueIdentifier>{8af91d88-989d-4b79-a02f-4bf60a4b3307}</UniqueIdentifier>
    </Filter>
    <Filter Include="Core\Components">
      <UniqueIdentifier>{25ad8a63-6c4d-454b-933b-a80207f92593}</UniqueIdentifier>
    </Filter>
    <Filter Include="Core\Modules">
      <UniqueIdentifier>{dbef7196-e43b-4cdf-9c48-f5c1cd1c3a25}</UniqueIdentifier>
    </Filter>
    <Filter Include="Core\Systems">
      <UniqueIdentifier>{4f6f8ea9-c818-40d4-9d85-de36a8aa80d2}</UniqueIdentifier>
    </Filter>
    <Filter Include="Core\Modules\ECS">
      <UniqueIdentifier>{5c3b2405-0b97-4adf-8581-647dace729f3}</UniqueIdentifier>
    </Filter>
    <Filter Include="Core\Modules\Renderer">
      <UniqueIdentifier>{b5244811-4717-4dc3-9884-c7ab466e4dc9}</UniqueIdentifier>
    </Filter>
    <Filter Include="Core\Application">
      <UniqueIdentifier>{3d0f53f7-28a3-4531-a48c-7e6012f234d7}</UniqueIdentifier>
    </Filter>
    <Filter Include="Core\Systems\CameraSystem">
      <UniqueIdentifier>{3f0ff30e-fbc3-4b59-9446-6359d559e37e}</UniqueIdentifier>
    </Filter>
    <Filter Include="Auxillary\Systems\CameraControllerSystem">
      <UniqueIdentifier>{7975c51e-a167-4869-b247-3037e4a7a267}</UniqueIdentifier>
    </Filter>
    <Filter Include="Auxillary\Systems\CanvasImageSystem">
      <UniqueIdentifier>{921e33f4-f038-4723-92d9-abbcf73472e7}</UniqueIdentifier>
    </Filter>
    <Filter Include="Auxillary\Systems\CanvasImageUpdateSystem">
      <UniqueIdentifier>{5e0d9eec-d4f8-4bec-8dde-82614b99ed39}</UniqueIdentifier>
    </Filter>
    <Filter Include="Auxillary\Systems\CanvasTextSystem">
      <UniqueIdentifier>{5e426503-4b46-40a4-919d-66ac3b7aacd7}</UniqueIdentifier>
    </Filter>
    <Filter Include="Auxillary\Systems\ColliderSystem">
      <UniqueIdentifier>{f52e8b2d-41b1-41cc-a2db-b572467e963d}</UniqueIdentifier>
    </Filter>
    <Filter Include="Core\Systems\EntityStateSystem">
      <UniqueIdentifier>{afab2865-d9a2-465d-a22e-602eba70fbdc}</UniqueIdentifier>
    </Filter>
    <Filter Include="Auxillary\Systems\GridControllerSystem">
      <UniqueIdentifier>{53c53b89-3e39-474c-8a3a-40f9505819a6}</UniqueIdentifier>
    </Filter>
    <Filter Include="Core\Modules\IMGUI">
      <UniqueIdentifier>{8e1a3442-2ac3-4644-876a-5ca3a661bc5a}</UniqueIdentifier>
    </Filter>
    <Filter Include="Core\Modules\LightingManager">
      <UniqueIdentifier>{ea71f977-c6f9-4c27-a623-1bdf80cd62da}</UniqueIdentifier>
    </Filter>
    <Filter Include="Core\Modules\MeshManager">
      <UniqueIdentifier>{835200a1-9a97-4c5c-8419-bd57ec7a3c4a}</UniqueIdentifier>
    </Filter>
    <Filter Include="Core\Modules\MeshManager\Load">
      <UniqueIdentifier>{31b5c7b8-d73f-4f72-b18c-072fb2140d12}</UniqueIdentifier>
    </Filter>
    <Filter Include="Core\Modules\MeshManager\MeshBuilder">
      <UniqueIdentifier>{fdc3975a-13d9-452e-ba12-c661b46af7bd}</UniqueIdentifier>
    </Filter>
    <Filter Include="Core\Modules\MeshManager\Mesh">
      <UniqueIdentifier>{0bc91c69-501d-431e-a129-9f15e294bafe}</UniqueIdentifier>
    </Filter>
    <Filter Include="Auxillary\Systems\RayCastingSystem">
      <UniqueIdentifier>{78ddd7c5-3450-4ae1-b973-54afcde95947}</UniqueIdentifier>
    </Filter>
    <Filter Include="Core\Systems\RenderSystem">
      <UniqueIdentifier>{27877a29-d754-45bf-9a0d-d3d7713d7be5}</UniqueIdentifier>
    </Filter>
    <Filter Include="Scenes">
      <UniqueIdentifier>{3955fee8-170b-4ab8-9814-bb13c19c600a}</UniqueIdentifier>
    </Filter>
    <Filter Include="Shaders">
      <UniqueIdentifier>{e1cf5628-4d64-47a9-b474-52e818368631}</UniqueIdentifier>
    </Filter>
    <Filter Include="Core\Modules\SceneManager">
      <UniqueIdentifier>{75069cb2-6c04-401d-a569-4f24f5d74656}</UniqueIdentifier>
    </Filter>
    <Filter Include="Meshes">
      <UniqueIdentifier>{b56eecf1-a77d-4785-9aef-38aaf19b1c90}</UniqueIdentifier>
    </Filter>
    <Filter Include="Meshes\ScreenQuad">
      <UniqueIdentifier>{15849ca9-f433-455b-a8de-997c7bf0f7e1}</UniqueIdentifier>
    </Filter>
    <Filter Include="Meshes\SpriteAnimation">
      <UniqueIdentifier>{54208213-5a79-443c-9133-4225cbbb6bfd}</UniqueIdentifier>
    </Filter>
    <Filter Include="Auxillary\Systems\TerrainDataSystem">
      <UniqueIdentifier>{26c1368e-acba-4acc-b696-c9e1eeec6017}</UniqueIdentifier>
    </Filter>
    <Filter Include="Core\Systems\TransformSystem">
      <UniqueIdentifier>{6214a518-7bc4-4cdb-a124-f000482bebca}</UniqueIdentifier>
    </Filter>
    <Filter Include="Auxillary\Systems\UnitSystem">
      <UniqueIdentifier>{41a9766a-4d98-47e3-8b01-31008e7b818b}</UniqueIdentifier>
    </Filter>
    <Filter Include="Auxillary\Systems\ParticleSystem">
      <UniqueIdentifier>{013c98b6-4e18-4936-be0e-3fc16be915d5}</UniqueIdentifier>
    </Filter>
    <Filter Include="Auxillary\Systems\GUITextSystem">
      <UniqueIdentifier>{b81a285f-2a6c-42e4-86e5-fef5641a5e52}</UniqueIdentifier>
    </Filter>
  </ItemGroup>
</Project>